
Microsoft Visual Studio Solution File, Format Version 12.00
# Visual Studio Version 17
VisualStudioVersion = 17.4.33213.308
MinimumVisualStudioVersion = 10.0.40219.1
Project("{9A19103F-16F7-4668-BE54-9A1E7A4F7556}") = "Account.Domain", "src\Account.Domain\Account.Domain.csproj", "{8D966128-D26F-48D2-A7C6-7692B3AE5F1B}"
EndProject
Project("{9A19103F-16F7-4668-BE54-9A1E7A4F7556}") = "Account.Domain.Tests", "Test\Account.Domain.Tests\Account.Domain.Tests.csproj", "{45958067-5A8D-4BC8-A1BB-68014D625C5B}"
EndProject
Project("{9A19103F-16F7-4668-BE54-9A1E7A4F7556}") = "Helpers", "test\Helpers\Helpers.csproj", "{81EBB644-CEB7-4F15-8E8C-0A6A89A849C3}"
EndProject
Project("{9A19103F-16F7-4668-BE54-9A1E7A4F7556}") = "Account.Infrastructure", "src\Account.Infrastructure\Account.Infrastructure.csproj", "{DA80494D-A8C9-4B0E-A23E-0403BFF80CAC}"
EndProject
Project("{9A19103F-16F7-4668-BE54-9A1E7A4F7556}") = "Account.WebAPI", "src\Account.WebAPI\Account.WebAPI.csproj", "{69A9A3B2-6171-475D-A671-E30AC47AA20D}"
EndProject
Project("{FAE04EC0-301F-11D3-BF4B-00C04F79EFBC}") = "Account.Infrastructure.IntegrationTests", "test\Account.Infrastructure.IntegrationTests\Account.Infrastructure.IntegrationTests.csproj", "{D016A4F2-39D1-40A0-B0FC-978F40560F13}"
EndProject
Project("{FAE04EC0-301F-11D3-BF4B-00C04F79EFBC}") = "Account.WebAPI.IntegrationTests", "test\Account.WebAPI.IntegrationTests\Account.WebAPI.IntegrationTests.csproj", "{A705815A-9288-4323-92A8-9A127FFD9A5B}"
EndProject
Global
	GlobalSection(SolutionConfigurationPlatforms) = preSolution
		Debug|Any CPU = Debug|Any CPU
		Release|Any CPU = Release|Any CPU
	EndGlobalSection
	GlobalSection(ProjectConfigurationPlatforms) = postSolution
		{8D966128-D26F-48D2-A7C6-7692B3AE5F1B}.Debug|Any CPU.ActiveCfg = Debug|Any CPU
		{8D966128-D26F-48D2-A7C6-7692B3AE5F1B}.Debug|Any CPU.Build.0 = Debug|Any CPU
		{8D966128-D26F-48D2-A7C6-7692B3AE5F1B}.Release|Any CPU.ActiveCfg = Release|Any CPU
		{8D966128-D26F-48D2-A7C6-7692B3AE5F1B}.Release|Any CPU.Build.0 = Release|Any CPU
		{45958067-5A8D-4BC8-A1BB-68014D625C5B}.Debug|Any CPU.ActiveCfg = Debug|Any CPU
		{45958067-5A8D-4BC8-A1BB-68014D625C5B}.Debug|Any CPU.Build.0 = Debug|Any CPU
		{45958067-5A8D-4BC8-A1BB-68014D625C5B}.Release|Any CPU.ActiveCfg = Release|Any CPU
		{45958067-5A8D-4BC8-A1BB-68014D625C5B}.Release|Any CPU.Build.0 = Release|Any CPU
		{81EBB644-CEB7-4F15-8E8C-0A6A89A849C3}.Debug|Any CPU.ActiveCfg = Debug|Any CPU
		{81EBB644-CEB7-4F15-8E8C-0A6A89A849C3}.Debug|Any CPU.Build.0 = Debug|Any CPU
		{81EBB644-CEB7-4F15-8E8C-0A6A89A849C3}.Release|Any CPU.ActiveCfg = Release|Any CPU
		{81EBB644-CEB7-4F15-8E8C-0A6A89A849C3}.Release|Any CPU.Build.0 = Release|Any CPU
		{DA80494D-A8C9-4B0E-A23E-0403BFF80CAC}.Debug|Any CPU.ActiveCfg = Debug|Any CPU
		{DA80494D-A8C9-4B0E-A23E-0403BFF80CAC}.Debug|Any CPU.Build.0 = Debug|Any CPU
		{DA80494D-A8C9-4B0E-A23E-0403BFF80CAC}.Release|Any CPU.ActiveCfg = Release|Any CPU
		{DA80494D-A8C9-4B0E-A23E-0403BFF80CAC}.Release|Any CPU.Build.0 = Release|Any CPU
		{69A9A3B2-6171-475D-A671-E30AC47AA20D}.Debug|Any CPU.ActiveCfg = Debug|Any CPU
		{69A9A3B2-6171-475D-A671-E30AC47AA20D}.Debug|Any CPU.Build.0 = Debug|Any CPU
		{69A9A3B2-6171-475D-A671-E30AC47AA20D}.Release|Any CPU.ActiveCfg = Release|Any CPU
		{69A9A3B2-6171-475D-A671-E30AC47AA20D}.Release|Any CPU.Build.0 = Release|Any CPU
		{D016A4F2-39D1-40A0-B0FC-978F40560F13}.Debug|Any CPU.ActiveCfg = Debug|Any CPU
		{D016A4F2-39D1-40A0-B0FC-978F40560F13}.Debug|Any CPU.Build.0 = Debug|Any CPU
		{D016A4F2-39D1-40A0-B0FC-978F40560F13}.Release|Any CPU.ActiveCfg = Release|Any CPU
		{D016A4F2-39D1-40A0-B0FC-978F40560F13}.Release|Any CPU.Build.0 = Release|Any CPU
		{A705815A-9288-4323-92A8-9A127FFD9A5B}.Debug|Any CPU.ActiveCfg = Debug|Any CPU
		{A705815A-9288-4323-92A8-9A127FFD9A5B}.Debug|Any CPU.Build.0 = Debug|Any CPU
		{A705815A-9288-4323-92A8-9A127FFD9A5B}.Release|Any CPU.ActiveCfg = Release|Any CPU
		{A705815A-9288-4323-92A8-9A127FFD9A5B}.Release|Any CPU.Build.0 = Release|Any CPU
	EndGlobalSection
	GlobalSection(SolutionProperties) = preSolution
		HideSolutionNode = FALSE
	EndGlobalSection
	GlobalSection(ExtensibilityGlobals) = postSolution
		SolutionGuid = {9A983026-7225-4E83-9F46-4D020AFB3713}
	EndGlobalSection
EndGlobal
